
Microsoft Visual Studio Solution File, Format Version 12.00
# Visual Studio Version 17
VisualStudioVersion = 17.0.31903.59
MinimumVisualStudioVersion = 10.0.40219.1
Project("{9A19103F-16F7-4668-BE54-9A1E7A4F7556}") = "realTimePolls", "realTimePollsApp\realTimePolls.csproj", "{34514DBD-417A-4BD7-9173-9DFACBE5A5AA}"
EndProject
Project("{9A19103F-16F7-4668-BE54-9A1E7A4F7556}") = "ControllerTests", "realTimePolls.Tests\ControllerTests.csproj", "{8F53A191-2209-4AFA-BD0E-E7260EF9A280}"
EndProject
Global
	GlobalSection(SolutionConfigurationPlatforms) = preSolution
		Debug|Any CPU = Debug|Any CPU
		Release|Any CPU = Release|Any CPU
	EndGlobalSection
	GlobalSection(ProjectConfigurationPlatforms) = postSolution
		{34514DBD-417A-4BD7-9173-9DFACBE5A5AA}.Debug|Any CPU.ActiveCfg = Debug|Any CPU
		{34514DBD-417A-4BD7-9173-9DFACBE5A5AA}.Debug|Any CPU.Build.0 = Debug|Any CPU
		{34514DBD-417A-4BD7-9173-9DFACBE5A5AA}.Release|Any CPU.ActiveCfg = Release|Any CPU
		{34514DBD-417A-4BD7-9173-9DFACBE5A5AA}.Release|Any CPU.Build.0 = Release|Any CPU
		{8F53A191-2209-4AFA-BD0E-E7260EF9A280}.Debug|Any CPU.ActiveCfg = Debug|Any CPU
		{8F53A191-2209-4AFA-BD0E-E7260EF9A280}.Debug|Any CPU.Build.0 = Debug|Any CPU
		{8F53A191-2209-4AFA-BD0E-E7260EF9A280}.Release|Any CPU.ActiveCfg = Release|Any CPU
		{8F53A191-2209-4AFA-BD0E-E7260EF9A280}.Release|Any CPU.Build.0 = Release|Any CPU
	EndGlobalSection
	GlobalSection(SolutionProperties) = preSolution
		HideSolutionNode = FALSE
	EndGlobalSection
EndGlobal
